// !$*UTF8*$!
{
	archiveVersion = 1;
	classes = {
	};
	objectVersion = 46;
	objects = {

/* Begin PBXBuildFile section */
		F4DC02CA1C37303600170007 /* AppDelegate.swift in Sources */ = {isa = PBXBuildFile; fileRef = F4DC02C91C37303600170007 /* AppDelegate.swift */; };
		F4DC02CC1C37303600170007 /* ViewController.swift in Sources */ = {isa = PBXBuildFile; fileRef = F4DC02CB1C37303600170007 /* ViewController.swift */; };
		F4DC02CF1C37303600170007 /* Main.storyboard in Resources */ = {isa = PBXBuildFile; fileRef = F4DC02CD1C37303600170007 /* Main.storyboard */; };
		F4DC02D11C37303600170007 /* Images.xcassets in Resources */ = {isa = PBXBuildFile; fileRef = F4DC02D01C37303600170007 /* Images.xcassets */; };
		F4DC02D41C37303600170007 /* LaunchScreen.xib in Resources */ = {isa = PBXBuildFile; fileRef = F4DC02D21C37303600170007 /* LaunchScreen.xib */; };
		F4DC02E01C37303700170007 /* partsTests.swift in Sources */ = {isa = PBXBuildFile; fileRef = F4DC02DF1C37303700170007 /* partsTests.swift */; };
		F4DC02EF1C3733CC00170007 /* View1.swift in Sources */ = {isa = PBXBuildFile; fileRef = F4DC02ED1C3733CC00170007 /* View1.swift */; };
		F4DC02F01C3733CC00170007 /* View1.xib in Resources */ = {isa = PBXBuildFile; fileRef = F4DC02EE1C3733CC00170007 /* View1.xib */; };
		F4DC02F31C37376800170007 /* View2.swift in Sources */ = {isa = PBXBuildFile; fileRef = F4DC02F11C37376800170007 /* View2.swift */; };
		F4DC02F41C37376800170007 /* View2.xib in Resources */ = {isa = PBXBuildFile; fileRef = F4DC02F21C37376800170007 /* View2.xib */; };
/* End PBXBuildFile section */

/* Begin PBXContainerItemProxy section */
		F4DC02DA1C37303700170007 /* PBXContainerItemProxy */ = {
			isa = PBXContainerItemProxy;
			containerPortal = F4DC02BC1C37303600170007 /* Project object */;
			proxyType = 1;
			remoteGlobalIDString = F4DC02C31C37303600170007;
			remoteInfo = parts;
		};
/* End PBXContainerItemProxy section */

/* Begin PBXFileReference section */
		F4DC02C41C37303600170007 /* parts.app */ = {isa = PBXFileReference; explicitFileType = wrapper.application; includeInIndex = 0; path = parts.app; sourceTree = BUILT_PRODUCTS_DIR; };
		F4DC02C81C37303600170007 /* Info.plist */ = {isa = PBXFileReference; lastKnownFileType = text.plist.xml; path = Info.plist; sourceTree = "<group>"; };
		F4DC02C91C37303600170007 /* AppDelegate.swift */ = {isa = PBXFileReference; lastKnownFileType = sourcecode.swift; path = AppDelegate.swift; sourceTree = "<group>"; };
		F4DC02CB1C37303600170007 /* ViewController.swift */ = {isa = PBXFileReference; lastKnownFileType = sourcecode.swift; path = ViewController.swift; sourceTree = "<group>"; };
		F4DC02CE1C37303600170007 /* Base */ = {isa = PBXFileReference; lastKnownFileType = file.storyboard; name = Base; path = Base.lproj/Main.storyboard; sourceTree = "<group>"; };
		F4DC02D01C37303600170007 /* Images.xcassets */ = {isa = PBXFileReference; lastKnownFileType = folder.assetcatalog; path = Images.xcassets; sourceTree = "<group>"; };
		F4DC02D31C37303600170007 /* Base */ = {isa = PBXFileReference; lastKnownFileType = file.xib; name = Base; path = Base.lproj/LaunchScreen.xib; sourceTree = "<group>"; };
		F4DC02D91C37303700170007 /* partsTests.xctest */ = {isa = PBXFileReference; explicitFileType = wrapper.cfbundle; includeInIndex = 0; path = partsTests.xctest; sourceTree = BUILT_PRODUCTS_DIR; };
		F4DC02DE1C37303700170007 /* Info.plist */ = {isa = PBXFileReference; lastKnownFileType = text.plist.xml; path = Info.plist; sourceTree = "<group>"; };
		F4DC02DF1C37303700170007 /* partsTests.swift */ = {isa = PBXFileReference; lastKnownFileType = sourcecode.swift; path = partsTests.swift; sourceTree = "<group>"; };
		F4DC02ED1C3733CC00170007 /* View1.swift */ = {isa = PBXFileReference; fileEncoding = 4; lastKnownFileType = sourcecode.swift; name = View1.swift; path = ../View1.swift; sourceTree = "<group>"; };
		F4DC02EE1C3733CC00170007 /* View1.xib */ = {isa = PBXFileReference; fileEncoding = 4; lastKnownFileType = file.xib; name = View1.xib; path = ../View1.xib; sourceTree = "<group>"; };
		F4DC02F11C37376800170007 /* View2.swift */ = {isa = PBXFileReference; fileEncoding = 4; lastKnownFileType = sourcecode.swift; path = View2.swift; sourceTree = "<group>"; };
		F4DC02F21C37376800170007 /* View2.xib */ = {isa = PBXFileReference; fileEncoding = 4; lastKnownFileType = file.xib; path = View2.xib; sourceTree = "<group>"; };
/* End PBXFileReference section */

/* Begin PBXFrameworksBuildPhase section */
		F4DC02C11C37303600170007 /* Frameworks */ = {
			isa = PBXFrameworksBuildPhase;
			buildActionMask = 2147483647;
			files = (
			);
			runOnlyForDeploymentPostprocessing = 0;
		};
		F4DC02D61C37303700170007 /* Frameworks */ = {
			isa = PBXFrameworksBuildPhase;
			buildActionMask = 2147483647;
			files = (
			);
			runOnlyForDeploymentPostprocessing = 0;
		};
/* End PBXFrameworksBuildPhase section */

/* Begin PBXGroup section */
		F4DC02BB1C37303600170007 = {
			isa = PBXGroup;
			children = (
				F4DC02C61C37303600170007 /* parts */,
				F4DC02DC1C37303700170007 /* partsTests */,
				F4DC02C51C37303600170007 /* Products */,
			);
			sourceTree = "<group>";
		};
		F4DC02C51C37303600170007 /* Products */ = {
			isa = PBXGroup;
			children = (
				F4DC02C41C37303600170007 /* parts.app */,
				F4DC02D91C37303700170007 /* partsTests.xctest */,
			);
			name = Products;
			sourceTree = "<group>";
		};
		F4DC02C61C37303600170007 /* parts */ = {
			isa = PBXGroup;
			children = (
				F4DC02ED1C3733CC00170007 /* View1.swift */,
				F4DC02EE1C3733CC00170007 /* View1.xib */,
				F4DC02C91C37303600170007 /* AppDelegate.swift */,
				F4DC02CB1C37303600170007 /* ViewController.swift */,
				F4DC02CD1C37303600170007 /* Main.storyboard */,
				F4DC02F11C37376800170007 /* View2.swift */,
				F4DC02F21C37376800170007 /* View2.xib */,
				F4DC02D01C37303600170007 /* Images.xcassets */,
				F4DC02D21C37303600170007 /* LaunchScreen.xib */,
				F4DC02C71C37303600170007 /* Supporting Files */,
			);
			path = parts;
			sourceTree = "<group>";
		};
		F4DC02C71C37303600170007 /* Supporting Files */ = {
			isa = PBXGroup;
			children = (
				F4DC02C81C37303600170007 /* Info.plist */,
			);
			name = "Supporting Files";
			sourceTree = "<group>";
		};
		F4DC02DC1C37303700170007 /* partsTests */ = {
			isa = PBXGroup;
			children = (
				F4DC02DF1C37303700170007 /* partsTests.swift */,
				F4DC02DD1C37303700170007 /* Supporting Files */,
			);
			path = partsTests;
			sourceTree = "<group>";
		};
		F4DC02DD1C37303700170007 /* Supporting Files */ = {
			isa = PBXGroup;
			children = (
				F4DC02DE1C37303700170007 /* Info.plist */,
			);
			name = "Supporting Files";
			sourceTree = "<group>";
		};
/* End PBXGroup section */

/* Begin PBXNativeTarget section */
		F4DC02C31C37303600170007 /* parts */ = {
			isa = PBXNativeTarget;
			buildConfigurationList = F4DC02E31C37303700170007 /* Build configuration list for PBXNativeTarget "parts" */;
			buildPhases = (
				F4DC02C01C37303600170007 /* Sources */,
				F4DC02C11C37303600170007 /* Frameworks */,
				F4DC02C21C37303600170007 /* Resources */,
			);
			buildRules = (
			);
			dependencies = (
			);
			name = parts;
			productName = parts;
			productReference = F4DC02C41C37303600170007 /* parts.app */;
			productType = "com.apple.product-type.application";
		};
		F4DC02D81C37303700170007 /* partsTests */ = {
			isa = PBXNativeTarget;
			buildConfigurationList = F4DC02E61C37303700170007 /* Build configuration list for PBXNativeTarget "partsTests" */;
			buildPhases = (
				F4DC02D51C37303700170007 /* Sources */,
				F4DC02D61C37303700170007 /* Frameworks */,
				F4DC02D71C37303700170007 /* Resources */,
			);
			buildRules = (
			);
			dependencies = (
				F4DC02DB1C37303700170007 /* PBXTargetDependency */,
			);
			name = partsTests;
			productName = partsTests;
			productReference = F4DC02D91C37303700170007 /* partsTests.xctest */;
			productType = "com.apple.product-type.bundle.unit-test";
		};
/* End PBXNativeTarget section */

/* Begin PBXProject section */
		F4DC02BC1C37303600170007 /* Project object */ = {
			isa = PBXProject;
			attributes = {
				LastSwiftMigration = 0720;
				LastSwiftUpdateCheck = 0720;
				LastUpgradeCheck = 0720;
				ORGANIZATIONNAME = Simon;
				TargetAttributes = {
					F4DC02C31C37303600170007 = {
						CreatedOnToolsVersion = 6.1.1;
						DevelopmentTeam = G7ZNYHYJ3M;
					};
					F4DC02D81C37303700170007 = {
						CreatedOnToolsVersion = 6.1.1;
						TestTargetID = F4DC02C31C37303600170007;
					};
				};
			};
			buildConfigurationList = F4DC02BF1C37303600170007 /* Build configuration list for PBXProject "parts" */;
			compatibilityVersion = "Xcode 3.2";
			developmentRegion = English;
			hasScannedForEncodings = 0;
			knownRegions = (
				en,
				Base,
			);
			mainGroup = F4DC02BB1C37303600170007;
			productRefGroup = F4DC02C51C37303600170007 /* Products */;
			projectDirPath = "";
			projectRoot = "";
			targets = (
				F4DC02C31C37303600170007 /* parts */,
				F4DC02D81C37303700170007 /* partsTests */,
			);
		};
/* End PBXProject section */

/* Begin PBXResourcesBuildPhase section */
		F4DC02C21C37303600170007 /* Resources */ = {
			isa = PBXResourcesBuildPhase;
			buildActionMask = 2147483647;
			files = (
				F4DC02CF1C37303600170007 /* Main.storyboard in Resources */,
				F4DC02D41C37303600170007 /* LaunchScreen.xib in Resources */,
				F4DC02F01C3733CC00170007 /* View1.xib in Resources */,
				F4DC02F41C37376800170007 /* View2.xib in Resources */,
				F4DC02D11C37303600170007 /* Images.xcassets in Resources */,
			);
			runOnlyForDeploymentPostprocessing = 0;
		};
		F4DC02D71C37303700170007 /* Resources */ = {
			isa = PBXResourcesBuildPhase;
			buildActionMask = 2147483647;
			files = (
			);
			runOnlyForDeploymentPostprocessing = 0;
		};
/* End PBXResourcesBuildPhase section */

/* Begin PBXSourcesBuildPhase section */
		F4DC02C01C37303600170007 /* Sources */ = {
			isa = PBXSourcesBuildPhase;
			buildActionMask = 2147483647;
			files = (
				F4DC02CC1C37303600170007 /* ViewController.swift in Sources */,
				F4DC02EF1C3733CC00170007 /* View1.swift in Sources */,
				F4DC02CA1C37303600170007 /* AppDelegate.swift in Sources */,
				F4DC02F31C37376800170007 /* View2.swift in Sources */,
			);
			runOnlyForDeploymentPostprocessing = 0;
		};
		F4DC02D51C37303700170007 /* Sources */ = {
			isa = PBXSourcesBuildPhase;
			buildActionMask = 2147483647;
			files = (
				F4DC02E01C37303700170007 /* partsTests.swift in Sources */,
			);
			runOnlyForDeploymentPostprocessing = 0;
		};
/* End PBXSourcesBuildPhase section */

/* Begin PBXTargetDependency section */
		F4DC02DB1C37303700170007 /* PBXTargetDependency */ = {
			isa = PBXTargetDependency;
			target = F4DC02C31C37303600170007 /* parts */;
			targetProxy = F4DC02DA1C37303700170007 /* PBXContainerItemProxy */;
		};
/* End PBXTargetDependency section */

/* Begin PBXVariantGroup section */
		F4DC02CD1C37303600170007 /* Main.storyboard */ = {
			isa = PBXVariantGroup;
			children = (
				F4DC02CE1C37303600170007 /* Base */,
			);
			name = Main.storyboard;
			sourceTree = "<group>";
		};
		F4DC02D21C37303600170007 /* LaunchScreen.xib */ = {
			isa = PBXVariantGroup;
			children = (
				F4DC02D31C37303600170007 /* Base */,
			);
			name = LaunchScreen.xib;
			sourceTree = "<group>";
		};
/* End PBXVariantGroup section */

/* Begin XCBuildConfiguration section */
		F4DC02E11C37303700170007 /* Debug */ = {
			isa = XCBuildConfiguration;
			buildSettings = {
				ALWAYS_SEARCH_USER_PATHS = NO;
				CLANG_CXX_LANGUAGE_STANDARD = "gnu++0x";
				CLANG_CXX_LIBRARY = "libc++";
				CLANG_ENABLE_MODULES = YES;
				CLANG_ENABLE_OBJC_ARC = YES;
				CLANG_WARN_BOOL_CONVERSION = YES;
				CLANG_WARN_CONSTANT_CONVERSION = YES;
				CLANG_WARN_DIRECT_OBJC_ISA_USAGE = YES_ERROR;
				CLANG_WARN_EMPTY_BODY = YES;
				CLANG_WARN_ENUM_CONVERSION = YES;
				CLANG_WARN_INT_CONVERSION = YES;
				CLANG_WARN_OBJC_ROOT_CLASS = YES_ERROR;
				CLANG_WARN_UNREACHABLE_CODE = YES;
				CLANG_WARN__DUPLICATE_METHOD_MATCH = YES;
				"CODE_SIGN_IDENTITY[sdk=iphoneos*]" = "iPhone Developer";
				COPY_PHASE_STRIP = NO;
				ENABLE_STRICT_OBJC_MSGSEND = YES;
				ENABLE_TESTABILITY = YES;
				GCC_C_LANGUAGE_STANDARD = gnu99;
				GCC_DYNAMIC_NO_PIC = NO;
				GCC_OPTIMIZATION_LEVEL = 0;
				GCC_PREPROCESSOR_DEFINITIONS = (
					"DEBUG=1",
					"$(inherited)",
				);
				GCC_SYMBOLS_PRIVATE_EXTERN = NO;
				GCC_WARN_64_TO_32_BIT_CONVERSION = YES;
				GCC_WARN_ABOUT_RETURN_TYPE = YES_ERROR;
				GCC_WARN_UNDECLARED_SELECTOR = YES;
				GCC_WARN_UNINITIALIZED_AUTOS = YES_AGGRESSIVE;
				GCC_WARN_UNUSED_FUNCTION = YES;
				GCC_WARN_UNUSED_VARIABLE = YES;
				IPHONEOS_DEPLOYMENT_TARGET = 8.1;
				MTL_ENABLE_DEBUG_INFO = YES;
				ONLY_ACTIVE_ARCH = YES;
				SDKROOT = iphoneos;
				SWIFT_OPTIMIZATION_LEVEL = "-Onone";
				TARGETED_DEVICE_FAMILY = "1,2";
			};
			name = Debug;
		};
		F4DC02E21C37303700170007 /* Release */ = {
			isa = XCBuildConfiguration;
			buildSettings = {
				ALWAYS_SEARCH_USER_PATHS = NO;
				CLANG_CXX_LANGUAGE_STANDARD = "gnu++0x";
				CLANG_CXX_LIBRARY = "libc++";
				CLANG_ENABLE_MODULES = YES;
				CLANG_ENABLE_OBJC_ARC = YES;
				CLANG_WARN_BOOL_CONVERSION = YES;
				CLANG_WARN_CONSTANT_CONVERSION = YES;
				CLANG_WARN_DIRECT_OBJC_ISA_USAGE = YES_ERROR;
				CLANG_WARN_EMPTY_BODY = YES;
				CLANG_WARN_ENUM_CONVERSION = YES;
				CLANG_WARN_INT_CONVERSION = YES;
				CLANG_WARN_OBJC_ROOT_CLASS = YES_ERROR;
				CLANG_WARN_UNREACHABLE_CODE = YES;
				CLANG_WARN__DUPLICATE_METHOD_MATCH = YES;
				"CODE_SIGN_IDENTITY[sdk=iphoneos*]" = "iPhone Developer";
				COPY_PHASE_STRIP = YES;
				ENABLE_NS_ASSERTIONS = NO;
				ENABLE_STRICT_OBJC_MSGSEND = YES;
				GCC_C_LANGUAGE_STANDARD = gnu99;
				GCC_WARN_64_TO_32_BIT_CONVERSION = YES;
				GCC_WARN_ABOUT_RETURN_TYPE = YES_ERROR;
				GCC_WARN_UNDECLARED_SELECTOR = YES;
				GCC_WARN_UNINITIALIZED_AUTOS = YES_AGGRESSIVE;
				GCC_WARN_UNUSED_FUNCTION = YES;
				GCC_WARN_UNUSED_VARIABLE = YES;
				IPHONEOS_DEPLOYMENT_TARGET = 8.1;
				MTL_ENABLE_DEBUG_INFO = NO;
				SDKROOT = iphoneos;
				TARGETED_DEVICE_FAMILY = "1,2";
				VALIDATE_PRODUCT = YES;
			};
			name = Release;
		};
		F4DC02E41C37303700170007 /* Debug */ = {
			isa = XCBuildConfiguration;
			buildSettings = {
				ASSETCATALOG_COMPILER_APPICON_NAME = AppIcon;
				CODE_SIGN_IDENTITY = "iPhone Developer";
				"CODE_SIGN_IDENTITY[sdk=iphoneos*]" = "iPhone Developer";
				INFOPLIST_FILE = parts/Info.plist;
				IPHONEOS_DEPLOYMENT_TARGET = 9.2;
				LD_RUNPATH_SEARCH_PATHS = "$(inherited) @executable_path/Frameworks";
				PRODUCT_BUNDLE_IDENTIFIER = "com.simon.$(PRODUCT_NAME:rfc1034identifier)";
				PRODUCT_NAME = "$(TARGET_NAME)";
				PROVISIONING_PROFILE = "";
				TARGETED_DEVICE_FAMILY = "1,2";
			};
			name = Debug;
		};
		F4DC02E51C37303700170007 /* Release */ = {
			isa = XCBuildConfiguration;
			buildSettings = {
				ASSETCATALOG_COMPILER_APPICON_NAME = AppIcon;
				CODE_SIGN_IDENTITY = "iPhone Developer";
				"CODE_SIGN_IDENTITY[sdk=iphoneos*]" = "iPhone Developer";
				INFOPLIST_FILE = parts/Info.plist;
				IPHONEOS_DEPLOYMENT_TARGET = 9.2;
				LD_RUNPATH_SEARCH_PATHS = "$(inherited) @executable_path/Frameworks";
				PRODUCT_BUNDLE_IDENTIFIER = "com.simon.$(PRODUCT_NAME:rfc1034identifier)";
				PRODUCT_NAME = "$(TARGET_NAME)";
				PROVISIONING_PROFILE = "";
				TARGETED_DEVICE_FAMILY = "1,2";
			};
			name = Release;
		};
		F4DC02E71C37303700170007 /* Debug */ = {
			isa = XCBuildConfiguration;
			buildSettings = {
				BUNDLE_LOADER = "$(TEST_HOST)";
				FRAMEWORK_SEARCH_PATHS = (
					"$(SDKROOT)/Developer/Library/Frameworks",
					"$(inherited)",
				);
				GCC_PREPROCESSOR_DEFINITIONS = (
					"DEBUG=1",
					"$(inherited)",
				);
				INFOPLIST_FILE = partsTests/Info.plist;
				LD_RUNPATH_SEARCH_PATHS = "$(inherited) @executable_path/Frameworks @loader_path/Frameworks";
				PRODUCT_BUNDLE_IDENTIFIER = "com.simon.$(PRODUCT_NAME:rfc1034identifier)";
				PRODUCT_NAME = "$(TARGET_NAME)";
				TEST_HOST = "$(BUILT_PRODUCTS_DIR)/parts.app/parts";
			};
			name = Debug;
		};
		F4DC02E81C37303700170007 /* Release */ = {
			isa = XCBuildConfiguration;
			buildSettings = {
				BUNDLE_LOADER = "$(TEST_HOST)";
				FRAMEWORK_SEARCH_PATHS = (
					"$(SDKROOT)/Developer/Library/Frameworks",
					"$(inherited)",
				);
				INFOPLIST_FILE = partsTests/Info.plist;
				LD_RUNPATH_SEARCH_PATHS = "$(inherited) @executable_path/Frameworks @loader_path/Frameworks";
				PRODUCT_BUNDLE_IDENTIFIER = "com.simon.$(PRODUCT_NAME:rfc1034identifier)";
				PRODUCT_NAME = "$(TARGET_NAME)";
				TEST_HOST = "$(BUILT_PRODUCTS_DIR)/parts.app/parts";
			};
			name = Release;
		};
/* End XCBuildConfiguration section */

/* Begin XCConfigurationList section */
		F4DC02BF1C37303600170007 /* Build configuration list for PBXProject "parts" */ = {
			isa = XCConfigurationList;
			buildConfigurations = (
				F4DC02E11C37303700170007 /* Debug */,
				F4DC02E21C37303700170007 /* Release */,
			);
			defaultConfigurationIsVisible = 0;
			defaultConfigurationName = Release;
		};
		F4DC02E31C37303700170007 /* Build configuration list for PBXNativeTarget "parts" */ = {
			isa = XCConfigurationList;
			buildConfigurations = (
				F4DC02E41C37303700170007 /* Debug */,
				F4DC02E51C37303700170007 /* Release */,
			);
			defaultConfigurationIsVisible = 0;
			defaultConfigurationName = Release;
		};
		F4DC02E61C37303700170007 /* Build configuration list for PBXNativeTarget "partsTests" */ = {
			isa = XCConfigurationList;
			buildConfigurations = (
				F4DC02E71C37303700170007 /* Debug */,
				F4DC02E81C37303700170007 /* Release */,
			);
			defaultConfigurationIsVisible = 0;
			defaultConfigurationName = Release;
		};
/* End XCConfigurationList section */
	};
	rootObject = F4DC02BC1C37303600170007 /* Project object */;
}
